// !$*UTF8*$!
{
	archiveVersion = 1;
	classes = {
	};
	objectVersion = 56;
	objects = {

/* Begin PBXBuildFile section */
		283F5532296C8CAA0055AF58 /* Preview Assets.xcassets in Resources */ = {isa = PBXBuildFile; fileRef = 283F5531296C8CAA0055AF58 /* Preview Assets.xcassets */; };
		2842ECA72979A83400C4B6A3 /* m6x11.ttf in Resources */ = {isa = PBXBuildFile; fileRef = 2842ECA62979A83400C4B6A3 /* m6x11.ttf */; };
		284FBEA3296C61ED0029C958 /* Crypt_CreeperApp.swift in Sources */ = {isa = PBXBuildFile; fileRef = 284FBEA2296C61ED0029C958 /* Crypt_CreeperApp.swift */; };
		284FBEA5296C61ED0029C958 /* ContentView.swift in Sources */ = {isa = PBXBuildFile; fileRef = 284FBEA4296C61ED0029C958 /* ContentView.swift */; };
		284FBEA7296C61EE0029C958 /* Assets.xcassets in Resources */ = {isa = PBXBuildFile; fileRef = 284FBEA6296C61EE0029C958 /* Assets.xcassets */; };
		28712E672976F04000E74C52 /* HomeView.swift in Sources */ = {isa = PBXBuildFile; fileRef = 28712E662976F04000E74C52 /* HomeView.swift */; };
		28D274E02975C5EB00E2CA16 /* ColorExtension.swift in Sources */ = {isa = PBXBuildFile; fileRef = 28D274DF2975C5EB00E2CA16 /* ColorExtension.swift */; };
		28FAF85129799F4E0006BB60 /* Buttons.swift in Sources */ = {isa = PBXBuildFile; fileRef = 28FAF85029799F4E0006BB60 /* Buttons.swift */; };
/* End PBXBuildFile section */

/* Begin PBXFileReference section */
		283F5531296C8CAA0055AF58 /* Preview Assets.xcassets */ = {isa = PBXFileReference; lastKnownFileType = folder.assetcatalog; path = "Preview Assets.xcassets"; sourceTree = "<group>"; };
		2842ECA62979A83400C4B6A3 /* m6x11.ttf */ = {isa = PBXFileReference; lastKnownFileType = file; path = m6x11.ttf; sourceTree = "<group>"; };
		2842ECA82979A85A00C4B6A3 /* Crypt-Creeper-Info.plist */ = {isa = PBXFileReference; lastKnownFileType = text.plist; path = "Crypt-Creeper-Info.plist"; sourceTree = SOURCE_ROOT; };
		284FBE9F296C61ED0029C958 /* Crypt Creeper.app */ = {isa = PBXFileReference; explicitFileType = wrapper.application; includeInIndex = 0; path = "Crypt Creeper.app"; sourceTree = BUILT_PRODUCTS_DIR; };
		284FBEA2296C61ED0029C958 /* Crypt_CreeperApp.swift */ = {isa = PBXFileReference; lastKnownFileType = sourcecode.swift; path = Crypt_CreeperApp.swift; sourceTree = "<group>"; };
		284FBEA4296C61ED0029C958 /* ContentView.swift */ = {isa = PBXFileReference; lastKnownFileType = sourcecode.swift; path = ContentView.swift; sourceTree = "<group>"; };
		284FBEA6296C61EE0029C958 /* Assets.xcassets */ = {isa = PBXFileReference; lastKnownFileType = folder.assetcatalog; path = Assets.xcassets; sourceTree = "<group>"; };
		28712E662976F04000E74C52 /* HomeView.swift */ = {isa = PBXFileReference; lastKnownFileType = sourcecode.swift; path = HomeView.swift; sourceTree = "<group>"; };
		28D274DF2975C5EB00E2CA16 /* ColorExtension.swift */ = {isa = PBXFileReference; lastKnownFileType = sourcecode.swift; path = ColorExtension.swift; sourceTree = "<group>"; };
		28FAF85029799F4E0006BB60 /* Buttons.swift */ = {isa = PBXFileReference; lastKnownFileType = sourcecode.swift; path = Buttons.swift; sourceTree = "<group>"; };
/* End PBXFileReference section */

/* Begin PBXFrameworksBuildPhase section */
		284FBE9C296C61ED0029C958 /* Frameworks */ = {
			isa = PBXFrameworksBuildPhase;
			buildActionMask = 2147483647;
			files = (
			);
			runOnlyForDeploymentPostprocessing = 0;
		};
/* End PBXFrameworksBuildPhase section */

/* Begin PBXGroup section */
		283F5533296C8CBF0055AF58 /* Preview Content */ = {
			isa = PBXGroup;
			children = (
				283F5531296C8CAA0055AF58 /* Preview Assets.xcassets */,
			);
			path = "Preview Content";
			sourceTree = "<group>";
		};
		2842ECA52979A81F00C4B6A3 /* Fonts */ = {
			isa = PBXGroup;
			children = (
				2842ECA62979A83400C4B6A3 /* m6x11.ttf */,
			);
			path = Fonts;
			sourceTree = "<group>";
		};
		284FBE96296C61ED0029C958 = {
			isa = PBXGroup;
			children = (
				284FBEA1296C61ED0029C958 /* Crypt Creeper */,
				284FBEA0296C61ED0029C958 /* Products */,
			);
			sourceTree = "<group>";
		};
		284FBEA0296C61ED0029C958 /* Products */ = {
			isa = PBXGroup;
			children = (
				284FBE9F296C61ED0029C958 /* Crypt Creeper.app */,
			);
			name = Products;
			sourceTree = "<group>";
		};
		284FBEA1296C61ED0029C958 /* Crypt Creeper */ = {
			isa = PBXGroup;
			children = (
				2842ECA82979A85A00C4B6A3 /* Crypt-Creeper-Info.plist */,
				2842ECA52979A81F00C4B6A3 /* Fonts */,
				28D274DE2975C5D100E2CA16 /* Extensions */,
				284FBEA2296C61ED0029C958 /* Crypt_CreeperApp.swift */,
				284FBEA4296C61ED0029C958 /* ContentView.swift */,
				284FBEA6296C61EE0029C958 /* Assets.xcassets */,
				28712E662976F04000E74C52 /* HomeView.swift */,
				28FAF85029799F4E0006BB60 /* Buttons.swift */,
				283F5533296C8CBF0055AF58 /* Preview Content */,
			);
			path = "Crypt Creeper";
			sourceTree = "<group>";
		};
		28D274DE2975C5D100E2CA16 /* Extensions */ = {
			isa = PBXGroup;
			children = (
				28D274DF2975C5EB00E2CA16 /* ColorExtension.swift */,
			);
			path = Extensions;
			sourceTree = "<group>";
		};
/* End PBXGroup section */

/* Begin PBXNativeTarget section */
		284FBE9E296C61ED0029C958 /* Crypt Creeper */ = {
			isa = PBXNativeTarget;
			buildConfigurationList = 284FBEAD296C61EE0029C958 /* Build configuration list for PBXNativeTarget "Crypt Creeper" */;
			buildPhases = (
				284FBE9B296C61ED0029C958 /* Sources */,
				284FBE9C296C61ED0029C958 /* Frameworks */,
				284FBE9D296C61ED0029C958 /* Resources */,
			);
			buildRules = (
			);
			dependencies = (
			);
			name = "Crypt Creeper";
			productName = "Crypt Creeper";
			productReference = 284FBE9F296C61ED0029C958 /* Crypt Creeper.app */;
			productType = "com.apple.product-type.application";
		};
/* End PBXNativeTarget section */

/* Begin PBXProject section */
		284FBE97296C61ED0029C958 /* Project object */ = {
			isa = PBXProject;
			attributes = {
				BuildIndependentTargetsInParallel = 1;
				LastSwiftUpdateCheck = 1420;
				LastUpgradeCheck = 1420;
				TargetAttributes = {
					284FBE9E296C61ED0029C958 = {
						CreatedOnToolsVersion = 14.2;
					};
				};
			};
			buildConfigurationList = 284FBE9A296C61ED0029C958 /* Build configuration list for PBXProject "Crypt Creeper" */;
			compatibilityVersion = "Xcode 14.0";
			developmentRegion = en;
			hasScannedForEncodings = 0;
			knownRegions = (
				en,
				Base,
			);
			mainGroup = 284FBE96296C61ED0029C958;
			productRefGroup = 284FBEA0296C61ED0029C958 /* Products */;
			projectDirPath = "";
			projectRoot = "";
			targets = (
				284FBE9E296C61ED0029C958 /* Crypt Creeper */,
			);
		};
/* End PBXProject section */

/* Begin PBXResourcesBuildPhase section */
		284FBE9D296C61ED0029C958 /* Resources */ = {
			isa = PBXResourcesBuildPhase;
			buildActionMask = 2147483647;
			files = (
				283F5532296C8CAA0055AF58 /* Preview Assets.xcassets in Resources */,
				2842ECA72979A83400C4B6A3 /* m6x11.ttf in Resources */,
				284FBEA7296C61EE0029C958 /* Assets.xcassets in Resources */,
			);
			runOnlyForDeploymentPostprocessing = 0;
		};
/* End PBXResourcesBuildPhase section */

/* Begin PBXSourcesBuildPhase section */
		284FBE9B296C61ED0029C958 /* Sources */ = {
			isa = PBXSourcesBuildPhase;
			buildActionMask = 2147483647;
			files = (
				28FAF85129799F4E0006BB60 /* Buttons.swift in Sources */,
				28D274E02975C5EB00E2CA16 /* ColorExtension.swift in Sources */,
				28712E672976F04000E74C52 /* HomeView.swift in Sources */,
				284FBEA5296C61ED0029C958 /* ContentView.swift in Sources */,
				284FBEA3296C61ED0029C958 /* Crypt_CreeperApp.swift in Sources */,
			);
			runOnlyForDeploymentPostprocessing = 0;
		};
/* End PBXSourcesBuildPhase section */

/* Begin XCBuildConfiguration section */
		284FBEAB296C61EE0029C958 /* Debug */ = {
			isa = XCBuildConfiguration;
			buildSettings = {
				ALWAYS_SEARCH_USER_PATHS = NO;
				CLANG_ANALYZER_NONNULL = YES;
				CLANG_ANALYZER_NUMBER_OBJECT_CONVERSION = YES_AGGRESSIVE;
				CLANG_CXX_LANGUAGE_STANDARD = "gnu++20";
				CLANG_ENABLE_MODULES = YES;
				CLANG_ENABLE_OBJC_ARC = YES;
				CLANG_ENABLE_OBJC_WEAK = YES;
				CLANG_WARN_BLOCK_CAPTURE_AUTORELEASING = YES;
				CLANG_WARN_BOOL_CONVERSION = YES;
				CLANG_WARN_COMMA = YES;
				CLANG_WARN_CONSTANT_CONVERSION = YES;
				CLANG_WARN_DEPRECATED_OBJC_IMPLEMENTATIONS = YES;
				CLANG_WARN_DIRECT_OBJC_ISA_USAGE = YES_ERROR;
				CLANG_WARN_DOCUMENTATION_COMMENTS = YES;
				CLANG_WARN_EMPTY_BODY = YES;
				CLANG_WARN_ENUM_CONVERSION = YES;
				CLANG_WARN_INFINITE_RECURSION = YES;
				CLANG_WARN_INT_CONVERSION = YES;
				CLANG_WARN_NON_LITERAL_NULL_CONVERSION = YES;
				CLANG_WARN_OBJC_IMPLICIT_RETAIN_SELF = YES;
				CLANG_WARN_OBJC_LITERAL_CONVERSION = YES;
				CLANG_WARN_OBJC_ROOT_CLASS = YES_ERROR;
				CLANG_WARN_QUOTED_INCLUDE_IN_FRAMEWORK_HEADER = YES;
				CLANG_WARN_RANGE_LOOP_ANALYSIS = YES;
				CLANG_WARN_STRICT_PROTOTYPES = YES;
				CLANG_WARN_SUSPICIOUS_MOVE = YES;
				CLANG_WARN_UNGUARDED_AVAILABILITY = YES_AGGRESSIVE;
				CLANG_WARN_UNREACHABLE_CODE = YES;
				CLANG_WARN__DUPLICATE_METHOD_MATCH = YES;
				COPY_PHASE_STRIP = NO;
				DEBUG_INFORMATION_FORMAT = dwarf;
				ENABLE_STRICT_OBJC_MSGSEND = YES;
				ENABLE_TESTABILITY = YES;
				GCC_C_LANGUAGE_STANDARD = gnu11;
				GCC_DYNAMIC_NO_PIC = NO;
				GCC_NO_COMMON_BLOCKS = YES;
				GCC_OPTIMIZATION_LEVEL = 0;
				GCC_PREPROCESSOR_DEFINITIONS = (
					"DEBUG=1",
					"$(inherited)",
				);
				GCC_WARN_64_TO_32_BIT_CONVERSION = YES;
				GCC_WARN_ABOUT_RETURN_TYPE = YES_ERROR;
				GCC_WARN_UNDECLARED_SELECTOR = YES;
				GCC_WARN_UNINITIALIZED_AUTOS = YES_AGGRESSIVE;
				GCC_WARN_UNUSED_FUNCTION = YES;
				GCC_WARN_UNUSED_VARIABLE = YES;
				IPHONEOS_DEPLOYMENT_TARGET = 16.2;
				MTL_ENABLE_DEBUG_INFO = INCLUDE_SOURCE;
				MTL_FAST_MATH = YES;
				ONLY_ACTIVE_ARCH = YES;
				SDKROOT = iphoneos;
				SWIFT_ACTIVE_COMPILATION_CONDITIONS = DEBUG;
				SWIFT_OPTIMIZATION_LEVEL = "-Onone";
			};
			name = Debug;
		};
		284FBEAC296C61EE0029C958 /* Release */ = {
			isa = XCBuildConfiguration;
			buildSettings = {
				ALWAYS_SEARCH_USER_PATHS = NO;
				CLANG_ANALYZER_NONNULL = YES;
				CLANG_ANALYZER_NUMBER_OBJECT_CONVERSION = YES_AGGRESSIVE;
				CLANG_CXX_LANGUAGE_STANDARD = "gnu++20";
				CLANG_ENABLE_MODULES = YES;
				CLANG_ENABLE_OBJC_ARC = YES;
				CLANG_ENABLE_OBJC_WEAK = YES;
				CLANG_WARN_BLOCK_CAPTURE_AUTORELEASING = YES;
				CLANG_WARN_BOOL_CONVERSION = YES;
				CLANG_WARN_COMMA = YES;
				CLANG_WARN_CONSTANT_CONVERSION = YES;
				CLANG_WARN_DEPRECATED_OBJC_IMPLEMENTATIONS = YES;
				CLANG_WARN_DIRECT_OBJC_ISA_USAGE = YES_ERROR;
				CLANG_WARN_DOCUMENTATION_COMMENTS = YES;
				CLANG_WARN_EMPTY_BODY = YES;
				CLANG_WARN_ENUM_CONVERSION = YES;
				CLANG_WARN_INFINITE_RECURSION = YES;
				CLANG_WARN_INT_CONVERSION = YES;
				CLANG_WARN_NON_LITERAL_NULL_CONVERSION = YES;
				CLANG_WARN_OBJC_IMPLICIT_RETAIN_SELF = YES;
				CLANG_WARN_OBJC_LITERAL_CONVERSION = YES;
				CLANG_WARN_OBJC_ROOT_CLASS = YES_ERROR;
				CLANG_WARN_QUOTED_INCLUDE_IN_FRAMEWORK_HEADER = YES;
				CLANG_WARN_RANGE_LOOP_ANALYSIS = YES;
				CLANG_WARN_STRICT_PROTOTYPES = YES;
				CLANG_WARN_SUSPICIOUS_MOVE = YES;
				CLANG_WARN_UNGUARDED_AVAILABILITY = YES_AGGRESSIVE;
				CLANG_WARN_UNREACHABLE_CODE = YES;
				CLANG_WARN__DUPLICATE_METHOD_MATCH = YES;
				COPY_PHASE_STRIP = NO;
				DEBUG_INFORMATION_FORMAT = "dwarf-with-dsym";
				ENABLE_NS_ASSERTIONS = NO;
				ENABLE_STRICT_OBJC_MSGSEND = YES;
				GCC_C_LANGUAGE_STANDARD = gnu11;
				GCC_NO_COMMON_BLOCKS = YES;
				GCC_WARN_64_TO_32_BIT_CONVERSION = YES;
				GCC_WARN_ABOUT_RETURN_TYPE = YES_ERROR;
				GCC_WARN_UNDECLARED_SELECTOR = YES;
				GCC_WARN_UNINITIALIZED_AUTOS = YES_AGGRESSIVE;
				GCC_WARN_UNUSED_FUNCTION = YES;
				GCC_WARN_UNUSED_VARIABLE = YES;
				IPHONEOS_DEPLOYMENT_TARGET = 16.2;
				MTL_ENABLE_DEBUG_INFO = NO;
				MTL_FAST_MATH = YES;
				SDKROOT = iphoneos;
				SWIFT_COMPILATION_MODE = wholemodule;
				SWIFT_OPTIMIZATION_LEVEL = "-O";
				VALIDATE_PRODUCT = YES;
			};
			name = Release;
		};
		284FBEAE296C61EE0029C958 /* Debug */ = {
			isa = XCBuildConfiguration;
			buildSettings = {
				ASSETCATALOG_COMPILER_APPICON_NAME = AppIcon;
				ASSETCATALOG_COMPILER_GLOBAL_ACCENT_COLOR_NAME = AccentColor;
				CODE_SIGN_IDENTITY = "Apple Development";
				CODE_SIGN_STYLE = Automatic;
				CURRENT_PROJECT_VERSION = 1;
				DEVELOPMENT_ASSET_PATHS = "\"Crypt Creeper/Preview Content\"";
				DEVELOPMENT_TEAM = HK6R3F5RZP;
				ENABLE_PREVIEWS = YES;
				GENERATE_INFOPLIST_FILE = YES;
				INFOPLIST_FILE = "Crypt-Creeper-Info.plist";
				INFOPLIST_KEY_UIApplicationSceneManifest_Generation = YES;
				INFOPLIST_KEY_UIApplicationSupportsIndirectInputEvents = YES;
				INFOPLIST_KEY_UILaunchScreen_Generation = YES;
				INFOPLIST_KEY_UISupportedInterfaceOrientations_iPad = "UIInterfaceOrientationPortrait UIInterfaceOrientationPortraitUpsideDown UIInterfaceOrientationLandscapeLeft UIInterfaceOrientationLandscapeRight";
				INFOPLIST_KEY_UISupportedInterfaceOrientations_iPhone = "UIInterfaceOrientationPortrait UIInterfaceOrientationLandscapeLeft UIInterfaceOrientationLandscapeRight";
				IPHONEOS_DEPLOYMENT_TARGET = 16.0;
				LD_RUNPATH_SEARCH_PATHS = (
					"$(inherited)",
					"@executable_path/Frameworks",
				);
				MARKETING_VERSION = 1.0;
				PRODUCT_BUNDLE_IDENTIFIER = "com.glug.Crypt-Creeper";
				PRODUCT_NAME = "$(TARGET_NAME)";
				PROVISIONING_PROFILE_SPECIFIER = "";
				SWIFT_EMIT_LOC_STRINGS = YES;
				SWIFT_VERSION = 5.0;
				TARGETED_DEVICE_FAMILY = "1,2";
			};
			name = Debug;
		};
		284FBEAF296C61EE0029C958 /* Release */ = {
			isa = XCBuildConfiguration;
			buildSettings = {
				ASSETCATALOG_COMPILER_APPICON_NAME = AppIcon;
				ASSETCATALOG_COMPILER_GLOBAL_ACCENT_COLOR_NAME = AccentColor;
				CODE_SIGN_IDENTITY = "Apple Development";
				CODE_SIGN_STYLE = Automatic;
				CURRENT_PROJECT_VERSION = 1;
				DEVELOPMENT_ASSET_PATHS = "\"Crypt Creeper/Preview Content\"";
				DEVELOPMENT_TEAM = HK6R3F5RZP;
				ENABLE_PREVIEWS = YES;
				GENERATE_INFOPLIST_FILE = YES;
				INFOPLIST_FILE = "Crypt-Creeper-Info.plist";
				INFOPLIST_KEY_UIApplicationSceneManifest_Generation = YES;
				INFOPLIST_KEY_UIApplicationSupportsIndirectInputEvents = YES;
				INFOPLIST_KEY_UILaunchScreen_Generation = YES;
				INFOPLIST_KEY_UISupportedInterfaceOrientations_iPad = "UIInterfaceOrientationPortrait UIInterfaceOrientationPortraitUpsideDown UIInterfaceOrientationLandscapeLeft UIInterfaceOrientationLandscapeRight";
				INFOPLIST_KEY_UISupportedInterfaceOrientations_iPhone = "UIInterfaceOrientationPortrait UIInterfaceOrientationLandscapeLeft UIInterfaceOrientationLandscapeRight";
				IPHONEOS_DEPLOYMENT_TARGET = 16.0;
				LD_RUNPATH_SEARCH_PATHS = (
					"$(inherited)",
					"@executable_path/Frameworks",
				);
				MARKETING_VERSION = 1.0;
				PRODUCT_BUNDLE_IDENTIFIER = "com.glug.Crypt-Creeper";
				PRODUCT_NAME = "$(TARGET_NAME)";
				PROVISIONING_PROFILE_SPECIFIER = "";
				SWIFT_EMIT_LOC_STRINGS = YES;
				SWIFT_VERSION = 5.0;
				TARGETED_DEVICE_FAMILY = "1,2";
			};
			name = Release;
		};
/* End XCBuildConfiguration section */

/* Begin XCConfigurationList section */
		284FBE9A296C61ED0029C958 /* Build configuration list for PBXProject "Crypt Creeper" */ = {
			isa = XCConfigurationList;
			buildConfigurations = (
				284FBEAB296C61EE0029C958 /* Debug */,
				284FBEAC296C61EE0029C958 /* Release */,
			);
			defaultConfigurationIsVisible = 0;
			defaultConfigurationName = Release;
		};
		284FBEAD296C61EE0029C958 /* Build configuration list for PBXNativeTarget "Crypt Creeper" */ = {
			isa = XCConfigurationList;
			buildConfigurations = (
				284FBEAE296C61EE0029C958 /* Debug */,
				284FBEAF296C61EE0029C958 /* Release */,
			);
			defaultConfigurationIsVisible = 0;
			defaultConfigurationName = Release;
		};
/* End XCConfigurationList section */
	};
	rootObject = 284FBE97296C61ED0029C958 /* Project object */;
}
